// !$*UTF8*$!
{
	archiveVersion = 1;
	classes = {
	};
	objectVersion = 46;
	objects = {

/* Begin PBXBuildFile section */
		2565773316B893090067EEDE /* main.m in Sources */ = {isa = PBXBuildFile; fileRef = 62FDCD7D16B7C8B000FA867D /* main.m */; };
		2565773416B893090067EEDE /* GSAppDelegate.m in Sources */ = {isa = PBXBuildFile; fileRef = 62FDCD8416B7C8B000FA867D /* GSAppDelegate.m */; };
		2565773516B893090067EEDE /* GSOpenGLShaderController.m in Sources */ = {isa = PBXBuildFile; fileRef = 62FDCD9316B7CD3100FA867D /* GSOpenGLShaderController.m */; };
		2565773616B893090067EEDE /* GSOpenGLView.m in Sources */ = {isa = PBXBuildFile; fileRef = 62FDCD9516B7CD3100FA867D /* GSOpenGLView.m */; };
		2565773716B893090067EEDE /* aabb.c in Sources */ = {isa = PBXBuildFile; fileRef = 62FDCD9C16B7CEF300FA867D /* aabb.c */; };
		2565773816B893090067EEDE /* mat4stack.c in Sources */ = {isa = PBXBuildFile; fileRef = 62FDCD9F16B7CEF300FA867D /* mat4stack.c */; };
		2565773916B893090067EEDE /* matrix.c in Sources */ = {isa = PBXBuildFile; fileRef = 62FDCDA116B7CEF300FA867D /* matrix.c */; };
		2565773A16B893090067EEDE /* mat3.c in Sources */ = {isa = PBXBuildFile; fileRef = 62FDCDA416B7CEF300FA867D /* mat3.c */; };
		2565773B16B893090067EEDE /* mat4.c in Sources */ = {isa = PBXBuildFile; fileRef = 62FDCDA616B7CEF300FA867D /* mat4.c */; };
		2565773C16B893090067EEDE /* plane.c in Sources */ = {isa = PBXBuildFile; fileRef = 62FDCDA816B7CEF300FA867D /* plane.c */; };
		2565773D16B893090067EEDE /* quaternion.c in Sources */ = {isa = PBXBuildFile; fileRef = 62FDCDAA16B7CEF300FA867D /* quaternion.c */; };
		2565773E16B893090067EEDE /* ray2.c in Sources */ = {isa = PBXBuildFile; fileRef = 62FDCDAC16B7CEF300FA867D /* ray2.c */; };
		2565773F16B893090067EEDE /* utility.c in Sources */ = {isa = PBXBuildFile; fileRef = 62FDCDAE16B7CEF300FA867D /* utility.c */; };
		2565774016B893090067EEDE /* vec2.c in Sources */ = {isa = PBXBuildFile; fileRef = 62FDCDB016B7CEF300FA867D /* vec2.c */; };
		2565774116B893090067EEDE /* vec3.c in Sources */ = {isa = PBXBuildFile; fileRef = 62FDCDB216B7CEF300FA867D /* vec3.c */; };
		2565774216B893090067EEDE /* vec4.c in Sources */ = {isa = PBXBuildFile; fileRef = 62FDCDB416B7CEF300FA867D /* vec4.c */; };
		2565774516B893090067EEDE /* OpenGL.framework in Frameworks */ = {isa = PBXBuildFile; fileRef = 62FDCD8E16B7CCED00FA867D /* OpenGL.framework */; };
		2565774616B893090067EEDE /* Cocoa.framework in Frameworks */ = {isa = PBXBuildFile; fileRef = 62FDCD7116B7C8B000FA867D /* Cocoa.framework */; };
		2565774A16B893090067EEDE /* InfoPlist.strings in Resources */ = {isa = PBXBuildFile; fileRef = 62FDCD7A16B7C8B000FA867D /* InfoPlist.strings */; };
		2565774B16B893090067EEDE /* Credits.rtf in Resources */ = {isa = PBXBuildFile; fileRef = 62FDCD8016B7C8B000FA867D /* Credits.rtf */; };
		2565774C16B893090067EEDE /* MainMenu.xib in Resources */ = {isa = PBXBuildFile; fileRef = 62FDCD8616B7C8B000FA867D /* MainMenu.xib */; };
		2565775316B8949A0067EEDE /* Tutorial3.m in Sources */ = {isa = PBXBuildFile; fileRef = 2565775216B8949A0067EEDE /* Tutorial3.m */; };
		2565775816B895530067EEDE /* tutorial3.vs in Resources */ = {isa = PBXBuildFile; fileRef = 2565775416B8951C0067EEDE /* tutorial3.vs */; };
		2565775916B895530067EEDE /* tutorial3.fs in Resources */ = {isa = PBXBuildFile; fileRef = 2565775616B895350067EEDE /* tutorial3.fs */; };
		62FDCD7216B7C8B000FA867D /* Cocoa.framework in Frameworks */ = {isa = PBXBuildFile; fileRef = 62FDCD7116B7C8B000FA867D /* Cocoa.framework */; };
		62FDCD7C16B7C8B000FA867D /* InfoPlist.strings in Resources */ = {isa = PBXBuildFile; fileRef = 62FDCD7A16B7C8B000FA867D /* InfoPlist.strings */; };
		62FDCD7E16B7C8B000FA867D /* main.m in Sources */ = {isa = PBXBuildFile; fileRef = 62FDCD7D16B7C8B000FA867D /* main.m */; };
		62FDCD8216B7C8B000FA867D /* Credits.rtf in Resources */ = {isa = PBXBuildFile; fileRef = 62FDCD8016B7C8B000FA867D /* Credits.rtf */; };
		62FDCD8516B7C8B000FA867D /* GSAppDelegate.m in Sources */ = {isa = PBXBuildFile; fileRef = 62FDCD8416B7C8B000FA867D /* GSAppDelegate.m */; };
		62FDCD8816B7C8B000FA867D /* MainMenu.xib in Resources */ = {isa = PBXBuildFile; fileRef = 62FDCD8616B7C8B000FA867D /* MainMenu.xib */; };
		62FDCD8F16B7CCED00FA867D /* OpenGL.framework in Frameworks */ = {isa = PBXBuildFile; fileRef = 62FDCD8E16B7CCED00FA867D /* OpenGL.framework */; };
		62FDCD9716B7CD3100FA867D /* GSOpenGLShaderController.m in Sources */ = {isa = PBXBuildFile; fileRef = 62FDCD9316B7CD3100FA867D /* GSOpenGLShaderController.m */; };
		62FDCD9816B7CD3100FA867D /* GSOpenGLView.m in Sources */ = {isa = PBXBuildFile; fileRef = 62FDCD9516B7CD3100FA867D /* GSOpenGLView.m */; };
		62FDCD9916B7CD3100FA867D /* Tutorial1.m in Sources */ = {isa = PBXBuildFile; fileRef = 62FDCD9616B7CD3100FA867D /* Tutorial1.m */; };
		62FDCDB616B7CEF300FA867D /* aabb.c in Sources */ = {isa = PBXBuildFile; fileRef = 62FDCD9C16B7CEF300FA867D /* aabb.c */; };
		62FDCDB716B7CEF300FA867D /* mat4stack.c in Sources */ = {isa = PBXBuildFile; fileRef = 62FDCD9F16B7CEF300FA867D /* mat4stack.c */; };
		62FDCDB816B7CEF300FA867D /* matrix.c in Sources */ = {isa = PBXBuildFile; fileRef = 62FDCDA116B7CEF300FA867D /* matrix.c */; };
		62FDCDB916B7CEF300FA867D /* mat3.c in Sources */ = {isa = PBXBuildFile; fileRef = 62FDCDA416B7CEF300FA867D /* mat3.c */; };
		62FDCDBA16B7CEF300FA867D /* mat4.c in Sources */ = {isa = PBXBuildFile; fileRef = 62FDCDA616B7CEF300FA867D /* mat4.c */; };
		62FDCDBB16B7CEF300FA867D /* plane.c in Sources */ = {isa = PBXBuildFile; fileRef = 62FDCDA816B7CEF300FA867D /* plane.c */; };
		62FDCDBC16B7CEF300FA867D /* quaternion.c in Sources */ = {isa = PBXBuildFile; fileRef = 62FDCDAA16B7CEF300FA867D /* quaternion.c */; };
		62FDCDBD16B7CEF300FA867D /* ray2.c in Sources */ = {isa = PBXBuildFile; fileRef = 62FDCDAC16B7CEF300FA867D /* ray2.c */; };
		62FDCDBE16B7CEF300FA867D /* utility.c in Sources */ = {isa = PBXBuildFile; fileRef = 62FDCDAE16B7CEF300FA867D /* utility.c */; };
		62FDCDBF16B7CEF300FA867D /* vec2.c in Sources */ = {isa = PBXBuildFile; fileRef = 62FDCDB016B7CEF300FA867D /* vec2.c */; };
		62FDCDC016B7CEF300FA867D /* vec3.c in Sources */ = {isa = PBXBuildFile; fileRef = 62FDCDB216B7CEF300FA867D /* vec3.c */; };
		62FDCDC116B7CEF300FA867D /* vec4.c in Sources */ = {isa = PBXBuildFile; fileRef = 62FDCDB416B7CEF300FA867D /* vec4.c */; };
		62FDCDC416B7D02D00FA867D /* main.m in Sources */ = {isa = PBXBuildFile; fileRef = 62FDCD7D16B7C8B000FA867D /* main.m */; };
		62FDCDC516B7D02D00FA867D /* GSAppDelegate.m in Sources */ = {isa = PBXBuildFile; fileRef = 62FDCD8416B7C8B000FA867D /* GSAppDelegate.m */; };
		62FDCDC616B7D02D00FA867D /* GSOpenGLShaderController.m in Sources */ = {isa = PBXBuildFile; fileRef = 62FDCD9316B7CD3100FA867D /* GSOpenGLShaderController.m */; };
		62FDCDC716B7D02D00FA867D /* GSOpenGLView.m in Sources */ = {isa = PBXBuildFile; fileRef = 62FDCD9516B7CD3100FA867D /* GSOpenGLView.m */; };
		62FDCDC916B7D02D00FA867D /* aabb.c in Sources */ = {isa = PBXBuildFile; fileRef = 62FDCD9C16B7CEF300FA867D /* aabb.c */; };
		62FDCDCA16B7D02D00FA867D /* mat4stack.c in Sources */ = {isa = PBXBuildFile; fileRef = 62FDCD9F16B7CEF300FA867D /* mat4stack.c */; };
		62FDCDCB16B7D02D00FA867D /* matrix.c in Sources */ = {isa = PBXBuildFile; fileRef = 62FDCDA116B7CEF300FA867D /* matrix.c */; };
		62FDCDCC16B7D02D00FA867D /* mat3.c in Sources */ = {isa = PBXBuildFile; fileRef = 62FDCDA416B7CEF300FA867D /* mat3.c */; };
		62FDCDCD16B7D02D00FA867D /* mat4.c in Sources */ = {isa = PBXBuildFile; fileRef = 62FDCDA616B7CEF300FA867D /* mat4.c */; };
		62FDCDCE16B7D02D00FA867D /* plane.c in Sources */ = {isa = PBXBuildFile; fileRef = 62FDCDA816B7CEF300FA867D /* plane.c */; };
		62FDCDCF16B7D02D00FA867D /* quaternion.c in Sources */ = {isa = PBXBuildFile; fileRef = 62FDCDAA16B7CEF300FA867D /* quaternion.c */; };
		62FDCDD016B7D02D00FA867D /* ray2.c in Sources */ = {isa = PBXBuildFile; fileRef = 62FDCDAC16B7CEF300FA867D /* ray2.c */; };
		62FDCDD116B7D02D00FA867D /* utility.c in Sources */ = {isa = PBXBuildFile; fileRef = 62FDCDAE16B7CEF300FA867D /* utility.c */; };
		62FDCDD216B7D02D00FA867D /* vec2.c in Sources */ = {isa = PBXBuildFile; fileRef = 62FDCDB016B7CEF300FA867D /* vec2.c */; };
		62FDCDD316B7D02D00FA867D /* vec3.c in Sources */ = {isa = PBXBuildFile; fileRef = 62FDCDB216B7CEF300FA867D /* vec3.c */; };
		62FDCDD416B7D02D00FA867D /* vec4.c in Sources */ = {isa = PBXBuildFile; fileRef = 62FDCDB416B7CEF300FA867D /* vec4.c */; };
		62FDCDD616B7D02D00FA867D /* OpenGL.framework in Frameworks */ = {isa = PBXBuildFile; fileRef = 62FDCD8E16B7CCED00FA867D /* OpenGL.framework */; };
		62FDCDD716B7D02D00FA867D /* Cocoa.framework in Frameworks */ = {isa = PBXBuildFile; fileRef = 62FDCD7116B7C8B000FA867D /* Cocoa.framework */; };
		62FDCDD916B7D02D00FA867D /* InfoPlist.strings in Resources */ = {isa = PBXBuildFile; fileRef = 62FDCD7A16B7C8B000FA867D /* InfoPlist.strings */; };
		62FDCDDA16B7D02D00FA867D /* Credits.rtf in Resources */ = {isa = PBXBuildFile; fileRef = 62FDCD8016B7C8B000FA867D /* Credits.rtf */; };
		62FDCDDB16B7D02D00FA867D /* MainMenu.xib in Resources */ = {isa = PBXBuildFile; fileRef = 62FDCD8616B7C8B000FA867D /* MainMenu.xib */; };
		62FDCDE416B7D0C500FA867D /* Tutorial2.m in Sources */ = {isa = PBXBuildFile; fileRef = 62FDCDE316B7D0C500FA867D /* Tutorial2.m */; };
		62FDCDEA16B7D12900FA867D /* tutorial2.fs in Resources */ = {isa = PBXBuildFile; fileRef = 62FDCDE616B7D0D600FA867D /* tutorial2.fs */; };
		62FDCDEB16B7D12900FA867D /* tutorial2.vs in Resources */ = {isa = PBXBuildFile; fileRef = 62FDCDE716B7D0D600FA867D /* tutorial2.vs */; };
/* End PBXBuildFile section */

/* Begin PBXFileReference section */
		2565775016B893090067EEDE /* Tutorial3.app */ = {isa = PBXFileReference; explicitFileType = wrapper.application; includeInIndex = 0; path = Tutorial3.app; sourceTree = BUILT_PRODUCTS_DIR; };
		2565775216B8949A0067EEDE /* Tutorial3.m */ = {isa = PBXFileReference; fileEncoding = 4; lastKnownFileType = sourcecode.c.objc; path = Tutorial3.m; sourceTree = "<group>"; };
		2565775416B8951C0067EEDE /* tutorial3.vs */ = {isa = PBXFileReference; explicitFileType = sourcecode.glsl; fileEncoding = 4; path = tutorial3.vs; sourceTree = "<group>"; };
		2565775616B895350067EEDE /* tutorial3.fs */ = {isa = PBXFileReference; explicitFileType = sourcecode.glsl; fileEncoding = 4; path = tutorial3.fs; sourceTree = "<group>"; };
		62FDCD6E16B7C8B000FA867D /* Tutorial1.app */ = {isa = PBXFileReference; explicitFileType = wrapper.application; includeInIndex = 0; path = Tutorial1.app; sourceTree = BUILT_PRODUCTS_DIR; };
		62FDCD7116B7C8B000FA867D /* Cocoa.framework */ = {isa = PBXFileReference; lastKnownFileType = wrapper.framework; name = Cocoa.framework; path = System/Library/Frameworks/Cocoa.framework; sourceTree = SDKROOT; };
		62FDCD7416B7C8B000FA867D /* AppKit.framework */ = {isa = PBXFileReference; lastKnownFileType = wrapper.framework; name = AppKit.framework; path = System/Library/Frameworks/AppKit.framework; sourceTree = SDKROOT; };
		62FDCD7516B7C8B000FA867D /* CoreData.framework */ = {isa = PBXFileReference; lastKnownFileType = wrapper.framework; name = CoreData.framework; path = System/Library/Frameworks/CoreData.framework; sourceTree = SDKROOT; };
		62FDCD7616B7C8B000FA867D /* Foundation.framework */ = {isa = PBXFileReference; lastKnownFileType = wrapper.framework; name = Foundation.framework; path = System/Library/Frameworks/Foundation.framework; sourceTree = SDKROOT; };
		62FDCD7916B7C8B000FA867D /* OpenGL-Tutorial-Info.plist */ = {isa = PBXFileReference; lastKnownFileType = text.plist.xml; path = "OpenGL-Tutorial-Info.plist"; sourceTree = "<group>"; };
		62FDCD7B16B7C8B000FA867D /* en */ = {isa = PBXFileReference; lastKnownFileType = text.plist.strings; name = en; path = en.lproj/InfoPlist.strings; sourceTree = "<group>"; };
		62FDCD7D16B7C8B000FA867D /* main.m */ = {isa = PBXFileReference; lastKnownFileType = sourcecode.c.objc; path = main.m; sourceTree = "<group>"; };
		62FDCD7F16B7C8B000FA867D /* OpenGL-Tutorial-Prefix.pch */ = {isa = PBXFileReference; lastKnownFileType = sourcecode.c.h; path = "OpenGL-Tutorial-Prefix.pch"; sourceTree = "<group>"; };
		62FDCD8116B7C8B000FA867D /* en */ = {isa = PBXFileReference; lastKnownFileType = text.rtf; name = en; path = en.lproj/Credits.rtf; sourceTree = "<group>"; };
		62FDCD8316B7C8B000FA867D /* GSAppDelegate.h */ = {isa = PBXFileReference; lastKnownFileType = sourcecode.c.h; path = GSAppDelegate.h; sourceTree = "<group>"; };
		62FDCD8416B7C8B000FA867D /* GSAppDelegate.m */ = {isa = PBXFileReference; lastKnownFileType = sourcecode.c.objc; path = GSAppDelegate.m; sourceTree = "<group>"; };
		62FDCD8716B7C8B000FA867D /* en */ = {isa = PBXFileReference; lastKnownFileType = file.xib; name = en; path = en.lproj/MainMenu.xib; sourceTree = "<group>"; };
		62FDCD8E16B7CCED00FA867D /* OpenGL.framework */ = {isa = PBXFileReference; lastKnownFileType = wrapper.framework; name = OpenGL.framework; path = System/Library/Frameworks/OpenGL.framework; sourceTree = SDKROOT; };
		62FDCD9216B7CD3100FA867D /* GSOpenGLShaderController.h */ = {isa = PBXFileReference; fileEncoding = 4; lastKnownFileType = sourcecode.c.h; path = GSOpenGLShaderController.h; sourceTree = "<group>"; };
		62FDCD9316B7CD3100FA867D /* GSOpenGLShaderController.m */ = {isa = PBXFileReference; fileEncoding = 4; lastKnownFileType = sourcecode.c.objc; path = GSOpenGLShaderController.m; sourceTree = "<group>"; };
		62FDCD9416B7CD3100FA867D /* GSOpenGLView.h */ = {isa = PBXFileReference; fileEncoding = 4; lastKnownFileType = sourcecode.c.h; path = GSOpenGLView.h; sourceTree = "<group>"; };
		62FDCD9516B7CD3100FA867D /* GSOpenGLView.m */ = {isa = PBXFileReference; fileEncoding = 4; lastKnownFileType = sourcecode.c.objc; path = GSOpenGLView.m; sourceTree = "<group>"; };
		62FDCD9616B7CD3100FA867D /* Tutorial1.m */ = {isa = PBXFileReference; fileEncoding = 4; lastKnownFileType = sourcecode.c.objc; path = Tutorial1.m; sourceTree = "<group>"; };
		62FDCD9C16B7CEF300FA867D /* aabb.c */ = {isa = PBXFileReference; fileEncoding = 4; lastKnownFileType = sourcecode.c.c; path = aabb.c; sourceTree = "<group>"; };
		62FDCD9D16B7CEF300FA867D /* aabb.h */ = {isa = PBXFileReference; fileEncoding = 4; lastKnownFileType = sourcecode.c.h; path = aabb.h; sourceTree = "<group>"; };
		62FDCD9F16B7CEF300FA867D /* mat4stack.c */ = {isa = PBXFileReference; fileEncoding = 4; lastKnownFileType = sourcecode.c.c; path = mat4stack.c; sourceTree = "<group>"; };
		62FDCDA016B7CEF300FA867D /* mat4stack.h */ = {isa = PBXFileReference; fileEncoding = 4; lastKnownFileType = sourcecode.c.h; path = mat4stack.h; sourceTree = "<group>"; };
		62FDCDA116B7CEF300FA867D /* matrix.c */ = {isa = PBXFileReference; fileEncoding = 4; lastKnownFileType = sourcecode.c.c; path = matrix.c; sourceTree = "<group>"; };
		62FDCDA216B7CEF300FA867D /* matrix.h */ = {isa = PBXFileReference; fileEncoding = 4; lastKnownFileType = sourcecode.c.h; path = matrix.h; sourceTree = "<group>"; };
		62FDCDA316B7CEF300FA867D /* kazmath.h */ = {isa = PBXFileReference; fileEncoding = 4; lastKnownFileType = sourcecode.c.h; path = kazmath.h; sourceTree = "<group>"; };
		62FDCDA416B7CEF300FA867D /* mat3.c */ = {isa = PBXFileReference; fileEncoding = 4; lastKnownFileType = sourcecode.c.c; path = mat3.c; sourceTree = "<group>"; };
		62FDCDA516B7CEF300FA867D /* mat3.h */ = {isa = PBXFileReference; fileEncoding = 4; lastKnownFileType = sourcecode.c.h; path = mat3.h; sourceTree = "<group>"; };
		62FDCDA616B7CEF300FA867D /* mat4.c */ = {isa = PBXFileReference; fileEncoding = 4; lastKnownFileType = sourcecode.c.c; path = mat4.c; sourceTree = "<group>"; };
		62FDCDA716B7CEF300FA867D /* mat4.h */ = {isa = PBXFileReference; fileEncoding = 4; lastKnownFileType = sourcecode.c.h; path = mat4.h; sourceTree = "<group>"; };
		62FDCDA816B7CEF300FA867D /* plane.c */ = {isa = PBXFileReference; fileEncoding = 4; lastKnownFileType = sourcecode.c.c; path = plane.c; sourceTree = "<group>"; };
		62FDCDA916B7CEF300FA867D /* plane.h */ = {isa = PBXFileReference; fileEncoding = 4; lastKnownFileType = sourcecode.c.h; path = plane.h; sourceTree = "<group>"; };
		62FDCDAA16B7CEF300FA867D /* quaternion.c */ = {isa = PBXFileReference; fileEncoding = 4; lastKnownFileType = sourcecode.c.c; path = quaternion.c; sourceTree = "<group>"; };
		62FDCDAB16B7CEF300FA867D /* quaternion.h */ = {isa = PBXFileReference; fileEncoding = 4; lastKnownFileType = sourcecode.c.h; path = quaternion.h; sourceTree = "<group>"; };
		62FDCDAC16B7CEF300FA867D /* ray2.c */ = {isa = PBXFileReference; fileEncoding = 4; lastKnownFileType = sourcecode.c.c; path = ray2.c; sourceTree = "<group>"; };
		62FDCDAD16B7CEF300FA867D /* ray2.h */ = {isa = PBXFileReference; fileEncoding = 4; lastKnownFileType = sourcecode.c.h; path = ray2.h; sourceTree = "<group>"; };
		62FDCDAE16B7CEF300FA867D /* utility.c */ = {isa = PBXFileReference; fileEncoding = 4; lastKnownFileType = sourcecode.c.c; path = utility.c; sourceTree = "<group>"; };
		62FDCDAF16B7CEF300FA867D /* utility.h */ = {isa = PBXFileReference; fileEncoding = 4; lastKnownFileType = sourcecode.c.h; path = utility.h; sourceTree = "<group>"; };
		62FDCDB016B7CEF300FA867D /* vec2.c */ = {isa = PBXFileReference; fileEncoding = 4; lastKnownFileType = sourcecode.c.c; path = vec2.c; sourceTree = "<group>"; };
		62FDCDB116B7CEF300FA867D /* vec2.h */ = {isa = PBXFileReference; fileEncoding = 4; lastKnownFileType = sourcecode.c.h; path = vec2.h; sourceTree = "<group>"; };
		62FDCDB216B7CEF300FA867D /* vec3.c */ = {isa = PBXFileReference; fileEncoding = 4; lastKnownFileType = sourcecode.c.c; path = vec3.c; sourceTree = "<group>"; };
		62FDCDB316B7CEF300FA867D /* vec3.h */ = {isa = PBXFileReference; fileEncoding = 4; lastKnownFileType = sourcecode.c.h; path = vec3.h; sourceTree = "<group>"; };
		62FDCDB416B7CEF300FA867D /* vec4.c */ = {isa = PBXFileReference; fileEncoding = 4; lastKnownFileType = sourcecode.c.c; path = vec4.c; sourceTree = "<group>"; };
		62FDCDB516B7CEF300FA867D /* vec4.h */ = {isa = PBXFileReference; fileEncoding = 4; lastKnownFileType = sourcecode.c.h; path = vec4.h; sourceTree = "<group>"; };
		62FDCDDF16B7D02D00FA867D /* Tutorial2.app */ = {isa = PBXFileReference; explicitFileType = wrapper.application; includeInIndex = 0; path = Tutorial2.app; sourceTree = BUILT_PRODUCTS_DIR; };
		62FDCDE316B7D0C500FA867D /* Tutorial2.m */ = {isa = PBXFileReference; fileEncoding = 4; lastKnownFileType = sourcecode.c.objc; path = Tutorial2.m; sourceTree = "<group>"; };
		62FDCDE616B7D0D600FA867D /* tutorial2.fs */ = {isa = PBXFileReference; explicitFileType = sourcecode.glsl; fileEncoding = 4; path = tutorial2.fs; sourceTree = "<group>"; };
		62FDCDE716B7D0D600FA867D /* tutorial2.vs */ = {isa = PBXFileReference; explicitFileType = sourcecode.glsl; fileEncoding = 4; path = tutorial2.vs; sourceTree = "<group>"; };
/* End PBXFileReference section */

/* Begin PBXFrameworksBuildPhase section */
		2565774416B893090067EEDE /* Frameworks */ = {
			isa = PBXFrameworksBuildPhase;
			buildActionMask = 2147483647;
			files = (
				2565774516B893090067EEDE /* OpenGL.framework in Frameworks */,
				2565774616B893090067EEDE /* Cocoa.framework in Frameworks */,
			);
			runOnlyForDeploymentPostprocessing = 0;
		};
		62FDCD6B16B7C8B000FA867D /* Frameworks */ = {
			isa = PBXFrameworksBuildPhase;
			buildActionMask = 2147483647;
			files = (
				62FDCD8F16B7CCED00FA867D /* OpenGL.framework in Frameworks */,
				62FDCD7216B7C8B000FA867D /* Cocoa.framework in Frameworks */,
			);
			runOnlyForDeploymentPostprocessing = 0;
		};
		62FDCDD516B7D02D00FA867D /* Frameworks */ = {
			isa = PBXFrameworksBuildPhase;
			buildActionMask = 2147483647;
			files = (
				62FDCDD616B7D02D00FA867D /* OpenGL.framework in Frameworks */,
				62FDCDD716B7D02D00FA867D /* Cocoa.framework in Frameworks */,
			);
			runOnlyForDeploymentPostprocessing = 0;
		};
/* End PBXFrameworksBuildPhase section */

/* Begin PBXGroup section */
		62FDCD6516B7C8B000FA867D = {
			isa = PBXGroup;
			children = (
				62FDCD7716B7C8B000FA867D /* OpenGL-Tutorial */,
				62FDCD7016B7C8B000FA867D /* Frameworks */,
				62FDCD6F16B7C8B000FA867D /* Products */,
			);
			sourceTree = "<group>";
		};
		62FDCD6F16B7C8B000FA867D /* Products */ = {
			isa = PBXGroup;
			children = (
				62FDCD6E16B7C8B000FA867D /* Tutorial1.app */,
				62FDCDDF16B7D02D00FA867D /* Tutorial2.app */,
				2565775016B893090067EEDE /* Tutorial3.app */,
			);
			name = Products;
			sourceTree = "<group>";
		};
		62FDCD7016B7C8B000FA867D /* Frameworks */ = {
			isa = PBXGroup;
			children = (
				62FDCD8E16B7CCED00FA867D /* OpenGL.framework */,
				62FDCD7116B7C8B000FA867D /* Cocoa.framework */,
				62FDCD7316B7C8B000FA867D /* Other Frameworks */,
			);
			name = Frameworks;
			sourceTree = "<group>";
		};
		62FDCD7316B7C8B000FA867D /* Other Frameworks */ = {
			isa = PBXGroup;
			children = (
				62FDCD7416B7C8B000FA867D /* AppKit.framework */,
				62FDCD7516B7C8B000FA867D /* CoreData.framework */,
				62FDCD7616B7C8B000FA867D /* Foundation.framework */,
			);
			name = "Other Frameworks";
			sourceTree = "<group>";
		};
		62FDCD7716B7C8B000FA867D /* OpenGL-Tutorial */ = {
			isa = PBXGroup;
			children = (
				62FDCD9216B7CD3100FA867D /* GSOpenGLShaderController.h */,
				62FDCD9316B7CD3100FA867D /* GSOpenGLShaderController.m */,
				62FDCD9416B7CD3100FA867D /* GSOpenGLView.h */,
				62FDCD9516B7CD3100FA867D /* GSOpenGLView.m */,
				62FDCD8316B7C8B000FA867D /* GSAppDelegate.h */,
				62FDCD8416B7C8B000FA867D /* GSAppDelegate.m */,
				62FDCD8616B7C8B000FA867D /* MainMenu.xib */,
				62FDCD9B16B7CEF300FA867D /* kazmath */,
				62FDCD9A16B7CDB000FA867D /* Tutorial */,
				62FDCDE516B7D0D600FA867D /* Shader */,
				62FDCD7816B7C8B000FA867D /* Supporting Files */,
			);
			path = "OpenGL-Tutorial";
			sourceTree = "<group>";
		};
		62FDCD7816B7C8B000FA867D /* Supporting Files */ = {
			isa = PBXGroup;
			children = (
				62FDCD7916B7C8B000FA867D /* OpenGL-Tutorial-Info.plist */,
				62FDCD7A16B7C8B000FA867D /* InfoPlist.strings */,
				62FDCD7D16B7C8B000FA867D /* main.m */,
				62FDCD7F16B7C8B000FA867D /* OpenGL-Tutorial-Prefix.pch */,
				62FDCD8016B7C8B000FA867D /* Credits.rtf */,
			);
			name = "Supporting Files";
			sourceTree = "<group>";
		};
		62FDCD9A16B7CDB000FA867D /* Tutorial */ = {
			isa = PBXGroup;
			children = (
				62FDCD9616B7CD3100FA867D /* Tutorial1.m */,
				62FDCDE316B7D0C500FA867D /* Tutorial2.m */,
				2565775216B8949A0067EEDE /* Tutorial3.m */,
			);
			name = Tutorial;
			sourceTree = "<group>";
		};
		62FDCD9B16B7CEF300FA867D /* kazmath */ = {
			isa = PBXGroup;
			children = (
				62FDCD9C16B7CEF300FA867D /* aabb.c */,
				62FDCD9D16B7CEF300FA867D /* aabb.h */,
				62FDCD9E16B7CEF300FA867D /* GL */,
				62FDCDA316B7CEF300FA867D /* kazmath.h */,
				62FDCDA416B7CEF300FA867D /* mat3.c */,
				62FDCDA516B7CEF300FA867D /* mat3.h */,
				62FDCDA616B7CEF300FA867D /* mat4.c */,
				62FDCDA716B7CEF300FA867D /* mat4.h */,
				62FDCDA816B7CEF300FA867D /* plane.c */,
				62FDCDA916B7CEF300FA867D /* plane.h */,
				62FDCDAA16B7CEF300FA867D /* quaternion.c */,
				62FDCDAB16B7CEF300FA867D /* quaternion.h */,
				62FDCDAC16B7CEF300FA867D /* ray2.c */,
				62FDCDAD16B7CEF300FA867D /* ray2.h */,
				62FDCDAE16B7CEF300FA867D /* utility.c */,
				62FDCDAF16B7CEF300FA867D /* utility.h */,
				62FDCDB016B7CEF300FA867D /* vec2.c */,
				62FDCDB116B7CEF300FA867D /* vec2.h */,
				62FDCDB216B7CEF300FA867D /* vec3.c */,
				62FDCDB316B7CEF300FA867D /* vec3.h */,
				62FDCDB416B7CEF300FA867D /* vec4.c */,
				62FDCDB516B7CEF300FA867D /* vec4.h */,
			);
			path = kazmath;
			sourceTree = "<group>";
		};
		62FDCD9E16B7CEF300FA867D /* GL */ = {
			isa = PBXGroup;
			children = (
				62FDCD9F16B7CEF300FA867D /* mat4stack.c */,
				62FDCDA016B7CEF300FA867D /* mat4stack.h */,
				62FDCDA116B7CEF300FA867D /* matrix.c */,
				62FDCDA216B7CEF300FA867D /* matrix.h */,
			);
			path = GL;
			sourceTree = "<group>";
		};
		62FDCDE516B7D0D600FA867D /* Shader */ = {
			isa = PBXGroup;
			children = (
				62FDCDE716B7D0D600FA867D /* tutorial2.vs */,
				62FDCDE616B7D0D600FA867D /* tutorial2.fs */,
				2565775416B8951C0067EEDE /* tutorial3.vs */,
				2565775616B895350067EEDE /* tutorial3.fs */,
			);
			path = Shader;
			sourceTree = "<group>";
		};
/* End PBXGroup section */

/* Begin PBXNativeTarget section */
		2565773116B893090067EEDE /* Tutorial3 */ = {
			isa = PBXNativeTarget;
			buildConfigurationList = 2565774D16B893090067EEDE /* Build configuration list for PBXNativeTarget "Tutorial3" */;
			buildPhases = (
				2565773216B893090067EEDE /* Sources */,
				2565774416B893090067EEDE /* Frameworks */,
				2565774716B893090067EEDE /* Resources */,
			);
			buildRules = (
			);
			dependencies = (
			);
			name = Tutorial3;
			productName = "OpenGL-Tutorial";
			productReference = 2565775016B893090067EEDE /* Tutorial3.app */;
			productType = "com.apple.product-type.application";
		};
		62FDCD6D16B7C8B000FA867D /* Tutorial1 */ = {
			isa = PBXNativeTarget;
			buildConfigurationList = 62FDCD8B16B7C8B000FA867D /* Build configuration list for PBXNativeTarget "Tutorial1" */;
			buildPhases = (
				62FDCD6A16B7C8B000FA867D /* Sources */,
				62FDCD6B16B7C8B000FA867D /* Frameworks */,
				62FDCD6C16B7C8B000FA867D /* Resources */,
			);
			buildRules = (
			);
			dependencies = (
			);
			name = Tutorial1;
			productName = "OpenGL-Tutorial";
			productReference = 62FDCD6E16B7C8B000FA867D /* Tutorial1.app */;
			productType = "com.apple.product-type.application";
		};
		62FDCDC216B7D02D00FA867D /* Tutorial2 */ = {
			isa = PBXNativeTarget;
			buildConfigurationList = 62FDCDDC16B7D02D00FA867D /* Build configuration list for PBXNativeTarget "Tutorial2" */;
			buildPhases = (
				62FDCDC316B7D02D00FA867D /* Sources */,
				62FDCDD516B7D02D00FA867D /* Frameworks */,
				62FDCDD816B7D02D00FA867D /* Resources */,
			);
			buildRules = (
			);
			dependencies = (
			);
			name = Tutorial2;
			productName = "OpenGL-Tutorial";
			productReference = 62FDCDDF16B7D02D00FA867D /* Tutorial2.app */;
			productType = "com.apple.product-type.application";
		};
/* End PBXNativeTarget section */

/* Begin PBXProject section */
		62FDCD6616B7C8B000FA867D /* Project object */ = {
			isa = PBXProject;
			attributes = {
				CLASSPREFIX = GS;
				LastUpgradeCheck = 0460;
				ORGANIZATIONNAME = Juicer;
			};
			buildConfigurationList = 62FDCD6916B7C8B000FA867D /* Build configuration list for PBXProject "OpenGL-Tutorial" */;
			compatibilityVersion = "Xcode 3.2";
			developmentRegion = English;
			hasScannedForEncodings = 0;
			knownRegions = (
				en,
			);
			mainGroup = 62FDCD6516B7C8B000FA867D;
			productRefGroup = 62FDCD6F16B7C8B000FA867D /* Products */;
			projectDirPath = "";
			projectRoot = "";
			targets = (
				62FDCD6D16B7C8B000FA867D /* Tutorial1 */,
				62FDCDC216B7D02D00FA867D /* Tutorial2 */,
				2565773116B893090067EEDE /* Tutorial3 */,
			);
		};
/* End PBXProject section */

/* Begin PBXResourcesBuildPhase section */
		2565774716B893090067EEDE /* Resources */ = {
			isa = PBXResourcesBuildPhase;
			buildActionMask = 2147483647;
			files = (
				2565775816B895530067EEDE /* tutorial3.vs in Resources */,
				2565775916B895530067EEDE /* tutorial3.fs in Resources */,
				2565774A16B893090067EEDE /* InfoPlist.strings in Resources */,
				2565774B16B893090067EEDE /* Credits.rtf in Resources */,
				2565774C16B893090067EEDE /* MainMenu.xib in Resources */,
			);
			runOnlyForDeploymentPostprocessing = 0;
		};
		62FDCD6C16B7C8B000FA867D /* Resources */ = {
			isa = PBXResourcesBuildPhase;
			buildActionMask = 2147483647;
			files = (
				62FDCD7C16B7C8B000FA867D /* InfoPlist.strings in Resources */,
				62FDCD8216B7C8B000FA867D /* Credits.rtf in Resources */,
				62FDCD8816B7C8B000FA867D /* MainMenu.xib in Resources */,
			);
			runOnlyForDeploymentPostprocessing = 0;
		};
		62FDCDD816B7D02D00FA867D /* Resources */ = {
			isa = PBXResourcesBuildPhase;
			buildActionMask = 2147483647;
			files = (
				62FDCDEA16B7D12900FA867D /* tutorial2.fs in Resources */,
				62FDCDEB16B7D12900FA867D /* tutorial2.vs in Resources */,
				62FDCDD916B7D02D00FA867D /* InfoPlist.strings in Resources */,
				62FDCDDA16B7D02D00FA867D /* Credits.rtf in Resources */,
				62FDCDDB16B7D02D00FA867D /* MainMenu.xib in Resources */,
			);
			runOnlyForDeploymentPostprocessing = 0;
		};
/* End PBXResourcesBuildPhase section */

/* Begin PBXSourcesBuildPhase section */
		2565773216B893090067EEDE /* Sources */ = {
			isa = PBXSourcesBuildPhase;
			buildActionMask = 2147483647;
			files = (
				2565773316B893090067EEDE /* main.m in Sources */,
				2565773416B893090067EEDE /* GSAppDelegate.m in Sources */,
				2565773516B893090067EEDE /* GSOpenGLShaderController.m in Sources */,
				2565773616B893090067EEDE /* GSOpenGLView.m in Sources */,
				2565773716B893090067EEDE /* aabb.c in Sources */,
				2565773816B893090067EEDE /* mat4stack.c in Sources */,
				2565773916B893090067EEDE /* matrix.c in Sources */,
				2565773A16B893090067EEDE /* mat3.c in Sources */,
				2565773B16B893090067EEDE /* mat4.c in Sources */,
				2565773C16B893090067EEDE /* plane.c in Sources */,
				2565773D16B893090067EEDE /* quaternion.c in Sources */,
				2565773E16B893090067EEDE /* ray2.c in Sources */,
				2565773F16B893090067EEDE /* utility.c in Sources */,
				2565774016B893090067EEDE /* vec2.c in Sources */,
				2565774116B893090067EEDE /* vec3.c in Sources */,
				2565774216B893090067EEDE /* vec4.c in Sources */,
				2565775316B8949A0067EEDE /* Tutorial3.m in Sources */,
			);
			runOnlyForDeploymentPostprocessing = 0;
		};
		62FDCD6A16B7C8B000FA867D /* Sources */ = {
			isa = PBXSourcesBuildPhase;
			buildActionMask = 2147483647;
			files = (
				62FDCD7E16B7C8B000FA867D /* main.m in Sources */,
				62FDCD8516B7C8B000FA867D /* GSAppDelegate.m in Sources */,
				62FDCD9716B7CD3100FA867D /* GSOpenGLShaderController.m in Sources */,
				62FDCD9816B7CD3100FA867D /* GSOpenGLView.m in Sources */,
				62FDCD9916B7CD3100FA867D /* Tutorial1.m in Sources */,
				62FDCDB616B7CEF300FA867D /* aabb.c in Sources */,
				62FDCDB716B7CEF300FA867D /* mat4stack.c in Sources */,
				62FDCDB816B7CEF300FA867D /* matrix.c in Sources */,
				62FDCDB916B7CEF300FA867D /* mat3.c in Sources */,
				62FDCDBA16B7CEF300FA867D /* mat4.c in Sources */,
				62FDCDBB16B7CEF300FA867D /* plane.c in Sources */,
				62FDCDBC16B7CEF300FA867D /* quaternion.c in Sources */,
				62FDCDBD16B7CEF300FA867D /* ray2.c in Sources */,
				62FDCDBE16B7CEF300FA867D /* utility.c in Sources */,
				62FDCDBF16B7CEF300FA867D /* vec2.c in Sources */,
				62FDCDC016B7CEF300FA867D /* vec3.c in Sources */,
				62FDCDC116B7CEF300FA867D /* vec4.c in Sources */,
			);
			runOnlyForDeploymentPostprocessing = 0;
		};
		62FDCDC316B7D02D00FA867D /* Sources */ = {
			isa = PBXSourcesBuildPhase;
			buildActionMask = 2147483647;
			files = (
				62FDCDC416B7D02D00FA867D /* main.m in Sources */,
				62FDCDC516B7D02D00FA867D /* GSAppDelegate.m in Sources */,
				62FDCDC616B7D02D00FA867D /* GSOpenGLShaderController.m in Sources */,
				62FDCDC716B7D02D00FA867D /* GSOpenGLView.m in Sources */,
				62FDCDC916B7D02D00FA867D /* aabb.c in Sources */,
				62FDCDCA16B7D02D00FA867D /* mat4stack.c in Sources */,
				62FDCDCB16B7D02D00FA867D /* matrix.c in Sources */,
				62FDCDCC16B7D02D00FA867D /* mat3.c in Sources */,
				62FDCDCD16B7D02D00FA867D /* mat4.c in Sources */,
				62FDCDCE16B7D02D00FA867D /* plane.c in Sources */,
				62FDCDCF16B7D02D00FA867D /* quaternion.c in Sources */,
				62FDCDD016B7D02D00FA867D /* ray2.c in Sources */,
				62FDCDD116B7D02D00FA867D /* utility.c in Sources */,
				62FDCDD216B7D02D00FA867D /* vec2.c in Sources */,
				62FDCDD316B7D02D00FA867D /* vec3.c in Sources */,
				62FDCDD416B7D02D00FA867D /* vec4.c in Sources */,
				62FDCDE416B7D0C500FA867D /* Tutorial2.m in Sources */,
			);
			runOnlyForDeploymentPostprocessing = 0;
		};
/* End PBXSourcesBuildPhase section */

/* Begin PBXVariantGroup section */
		62FDCD7A16B7C8B000FA867D /* InfoPlist.strings */ = {
			isa = PBXVariantGroup;
			children = (
				62FDCD7B16B7C8B000FA867D /* en */,
			);
			name = InfoPlist.strings;
			sourceTree = "<group>";
		};
		62FDCD8016B7C8B000FA867D /* Credits.rtf */ = {
			isa = PBXVariantGroup;
			children = (
				62FDCD8116B7C8B000FA867D /* en */,
			);
			name = Credits.rtf;
			sourceTree = "<group>";
		};
		62FDCD8616B7C8B000FA867D /* MainMenu.xib */ = {
			isa = PBXVariantGroup;
			children = (
				62FDCD8716B7C8B000FA867D /* en */,
			);
			name = MainMenu.xib;
			sourceTree = "<group>";
		};
/* End PBXVariantGroup section */

/* Begin XCBuildConfiguration section */
		2565774E16B893090067EEDE /* Debug */ = {
			isa = XCBuildConfiguration;
			buildSettings = {
				COMBINE_HIDPI_IMAGES = YES;
				GCC_PRECOMPILE_PREFIX_HEADER = YES;
				GCC_PREFIX_HEADER = "OpenGL-Tutorial/OpenGL-Tutorial-Prefix.pch";
				INFOPLIST_FILE = "OpenGL-Tutorial/OpenGL-Tutorial-Info.plist";
				PRODUCT_NAME = "$(TARGET_NAME)";
				WRAPPER_EXTENSION = app;
			};
			name = Debug;
		};
		2565774F16B893090067EEDE /* Release */ = {
			isa = XCBuildConfiguration;
			buildSettings = {
				COMBINE_HIDPI_IMAGES = YES;
				GCC_PRECOMPILE_PREFIX_HEADER = YES;
				GCC_PREFIX_HEADER = "OpenGL-Tutorial/OpenGL-Tutorial-Prefix.pch";
				INFOPLIST_FILE = "OpenGL-Tutorial/OpenGL-Tutorial-Info.plist";
				PRODUCT_NAME = "$(TARGET_NAME)";
				WRAPPER_EXTENSION = app;
			};
			name = Release;
		};
		62FDCD8916B7C8B000FA867D /* Debug */ = {
			isa = XCBuildConfiguration;
			buildSettings = {
				ALWAYS_SEARCH_USER_PATHS = NO;
				ARCHS = "$(ARCHS_STANDARD_64_BIT)";
				CLANG_CXX_LANGUAGE_STANDARD = "gnu++0x";
				CLANG_CXX_LIBRARY = "libc++";
				CLANG_ENABLE_OBJC_ARC = YES;
				CLANG_WARN_CONSTANT_CONVERSION = YES;
				CLANG_WARN_EMPTY_BODY = YES;
				CLANG_WARN_ENUM_CONVERSION = YES;
				CLANG_WARN_INT_CONVERSION = YES;
				CLANG_WARN__DUPLICATE_METHOD_MATCH = YES;
				COPY_PHASE_STRIP = NO;
				GCC_C_LANGUAGE_STANDARD = gnu99;
				GCC_DYNAMIC_NO_PIC = NO;
				GCC_ENABLE_OBJC_EXCEPTIONS = YES;
				GCC_OPTIMIZATION_LEVEL = 0;
				GCC_PREPROCESSOR_DEFINITIONS = (
					"DEBUG=1",
					"$(inherited)",
				);
				GCC_SYMBOLS_PRIVATE_EXTERN = NO;
				GCC_WARN_64_TO_32_BIT_CONVERSION = YES;
				GCC_WARN_ABOUT_RETURN_TYPE = YES;
				GCC_WARN_UNINITIALIZED_AUTOS = YES;
				GCC_WARN_UNUSED_VARIABLE = YES;
				MACOSX_DEPLOYMENT_TARGET = 10.7;
				ONLY_ACTIVE_ARCH = YES;
				SDKROOT = macosx10.7;
			};
			name = Debug;
		};
		62FDCD8A16B7C8B000FA867D /* Release */ = {
			isa = XCBuildConfiguration;
			buildSettings = {
				ALWAYS_SEARCH_USER_PATHS = NO;
				ARCHS = "$(ARCHS_STANDARD_64_BIT)";
				CLANG_CXX_LANGUAGE_STANDARD = "gnu++0x";
				CLANG_CXX_LIBRARY = "libc++";
				CLANG_ENABLE_OBJC_ARC = YES;
				CLANG_WARN_CONSTANT_CONVERSION = YES;
				CLANG_WARN_EMPTY_BODY = YES;
				CLANG_WARN_ENUM_CONVERSION = YES;
				CLANG_WARN_INT_CONVERSION = YES;
				CLANG_WARN__DUPLICATE_METHOD_MATCH = YES;
				COPY_PHASE_STRIP = YES;
				DEBUG_INFORMATION_FORMAT = "dwarf-with-dsym";
				GCC_C_LANGUAGE_STANDARD = gnu99;
				GCC_ENABLE_OBJC_EXCEPTIONS = YES;
				GCC_WARN_64_TO_32_BIT_CONVERSION = YES;
				GCC_WARN_ABOUT_RETURN_TYPE = YES;
				GCC_WARN_UNINITIALIZED_AUTOS = YES;
				GCC_WARN_UNUSED_VARIABLE = YES;
				MACOSX_DEPLOYMENT_TARGET = 10.7;
				SDKROOT = macosx10.7;
			};
			name = Release;
		};
		62FDCD8C16B7C8B000FA867D /* Debug */ = {
			isa = XCBuildConfiguration;
			buildSettings = {
				COMBINE_HIDPI_IMAGES = YES;
				GCC_PRECOMPILE_PREFIX_HEADER = YES;
				GCC_PREFIX_HEADER = "OpenGL-Tutorial/OpenGL-Tutorial-Prefix.pch";
				INFOPLIST_FILE = "OpenGL-Tutorial/OpenGL-Tutorial-Info.plist";
				PRODUCT_NAME = "$(TARGET_NAME)";
				WRAPPER_EXTENSION = app;
			};
			name = Debug;
		};
		62FDCD8D16B7C8B000FA867D /* Release */ = {
			isa = XCBuildConfiguration;
			buildSettings = {
				COMBINE_HIDPI_IMAGES = YES;
				GCC_PRECOMPILE_PREFIX_HEADER = YES;
				GCC_PREFIX_HEADER = "OpenGL-Tutorial/OpenGL-Tutorial-Prefix.pch";
				INFOPLIST_FILE = "OpenGL-Tutorial/OpenGL-Tutorial-Info.plist";
				PRODUCT_NAME = "$(TARGET_NAME)";
				WRAPPER_EXTENSION = app;
			};
			name = Release;
		};
		62FDCDDD16B7D02D00FA867D /* Debug */ = {
			isa = XCBuildConfiguration;
			buildSettings = {
				COMBINE_HIDPI_IMAGES = YES;
				GCC_PRECOMPILE_PREFIX_HEADER = YES;
				GCC_PREFIX_HEADER = "OpenGL-Tutorial/OpenGL-Tutorial-Prefix.pch";
				INFOPLIST_FILE = "OpenGL-Tutorial/OpenGL-Tutorial-Info.plist";
				PRODUCT_NAME = "$(TARGET_NAME)";
				WRAPPER_EXTENSION = app;
			};
			name = Debug;
		};
		62FDCDDE16B7D02D00FA867D /* Release */ = {
			isa = XCBuildConfiguration;
			buildSettings = {
				COMBINE_HIDPI_IMAGES = YES;
				GCC_PRECOMPILE_PREFIX_HEADER = YES;
				GCC_PREFIX_HEADER = "OpenGL-Tutorial/OpenGL-Tutorial-Prefix.pch";
				INFOPLIST_FILE = "OpenGL-Tutorial/OpenGL-Tutorial-Info.plist";
				PRODUCT_NAME = "$(TARGET_NAME)";
				WRAPPER_EXTENSION = app;
			};
			name = Release;
		};
/* End XCBuildConfiguration section */

/* Begin XCConfigurationList section */
		2565774D16B893090067EEDE /* Build configuration list for PBXNativeTarget "Tutorial3" */ = {
			isa = XCConfigurationList;
			buildConfigurations = (
				2565774E16B893090067EEDE /* Debug */,
				2565774F16B893090067EEDE /* Release */,
			);
			defaultConfigurationIsVisible = 0;
			defaultConfigurationName = Release;
		};
		62FDCD6916B7C8B000FA867D /* Build configuration list for PBXProject "OpenGL-Tutorial" */ = {
			isa = XCConfigurationList;
			buildConfigurations = (
				62FDCD8916B7C8B000FA867D /* Debug */,
				62FDCD8A16B7C8B000FA867D /* Release */,
			);
			defaultConfigurationIsVisible = 0;
			defaultConfigurationName = Release;
		};
		62FDCD8B16B7C8B000FA867D /* Build configuration list for PBXNativeTarget "Tutorial1" */ = {
			isa = XCConfigurationList;
			buildConfigurations = (
				62FDCD8C16B7C8B000FA867D /* Debug */,
				62FDCD8D16B7C8B000FA867D /* Release */,
			);
			defaultConfigurationIsVisible = 0;
			defaultConfigurationName = Release;
		};
		62FDCDDC16B7D02D00FA867D /* Build configuration list for PBXNativeTarget "Tutorial2" */ = {
			isa = XCConfigurationList;
			buildConfigurations = (
				62FDCDDD16B7D02D00FA867D /* Debug */,
				62FDCDDE16B7D02D00FA867D /* Release */,
			);
			defaultConfigurationIsVisible = 0;
			defaultConfigurationName = Release;
		};
/* End XCConfigurationList section */
	};
	rootObject = 62FDCD6616B7C8B000FA867D /* Project object */;
}
